
Microsoft Visual Studio Solution File, Format Version 12.00
# Visual Studio Version 17
VisualStudioVersion = 17.7.34009.444
MinimumVisualStudioVersion = 10.0.40219.1
Project("{FAE04EC0-301F-11D3-BF4B-00C04F79EFBC}") = "baiktraapp", "baiktraapp\baiktraapp.csproj", "{43FD16F5-29F6-4F4D-A298-A7F78079D9C5}"
EndProject
Global
	GlobalSection(SolutionConfigurationPlatforms) = preSolution
		Debug|Any CPU = Debug|Any CPU
		Release|Any CPU = Release|Any CPU
	EndGlobalSection
	GlobalSection(ProjectConfigurationPlatforms) = postSolution
		{43FD16F5-29F6-4F4D-A298-A7F78079D9C5}.Debug|Any CPU.ActiveCfg = Debug|Any CPU
		{43FD16F5-29F6-4F4D-A298-A7F78079D9C5}.Debug|Any CPU.Build.0 = Debug|Any CPU
		{43FD16F5-29F6-4F4D-A298-A7F78079D9C5}.Release|Any CPU.ActiveCfg = Release|Any CPU
		{43FD16F5-29F6-4F4D-A298-A7F78079D9C5}.Release|Any CPU.Build.0 = Release|Any CPU
	EndGlobalSection
	GlobalSection(SolutionProperties) = preSolution
		HideSolutionNode = FALSE
	EndGlobalSection
	GlobalSection(ExtensibilityGlobals) = postSolution
		SolutionGuid = {3F1F7949-B63D-4F54-A511-6BC0C3E78F47}
	EndGlobalSection
EndGlobal
